dependencies:
  espressif/esp_websocket_client:
    component_hash: ae561d39222a399ddda5e470913c3d54a3c0f53dce15b8d21a3aaa4226dd74b1
    source:
      service_url: https://api.components.espressif.com/
      type: service
    version: 1.2.3
  idf:
    component_hash: null
    source:
      type: idf
    version: 5.2.2
  protocol_examples_common:
    component_hash: null
    source:
      path: C:\Users\franh\esp\v5.2.2\esp-idf\examples\common_components\protocol_examples_common
      type: local
    version: '*'
  spotify_client:
    component_hash: null
    source:
      path: C:\Users\franh\source\repos\esp32-components\spotify_client
      type: local
    version: '*'
manifest_hash: 4a7ab9e4b046393d019aa6de1e1d586b647b4038c67c70e60e1c90747a2f651f
target: esp32
version: 1.0.0
